
Microsoft Visual Studio Solution File, Format Version 12.00
# Visual Studio Version 16
Project("{2150E333-8FDC-42A3-9474-1A3956D46DE8}") = "CMakePredefinedTargets", "CMakePredefinedTargets", "{C3F4ED63-A240-380B-86BF-F11A546B7CB7}"
EndProject
Project("{2150E333-8FDC-42A3-9474-1A3956D46DE8}") = "GLFW3", "GLFW3", "{06770B4A-3153-3DA8-B484-048737EA17B9}"
EndProject
Project("{2150E333-8FDC-42A3-9474-1A3956D46DE8}") = "Examples", "GLFW3\Examples", "{7ADE74C4-4779-302B-89AD-BAA9B9AE4C9B}"
EndProject
Project("{2150E333-8FDC-42A3-9474-1A3956D46DE8}") = "Tests", "GLFW3\Tests", "{42312587-ADC0-3B3E-8BD6-B4B634051A15}"
EndProject
Project("{8BC9CEB8-8B4A-11D0-8D11-00A0C91BC942}") = "ALL_BUILD", "ALL_BUILD.vcxproj", "{FFD4FC1E-DADC-3CC8-8CF5-CB29720108FA}"
	ProjectSection(ProjectDependencies) = postProject
		{122BC485-B926-3E9F-BCD6-149B10F8B2D6} = {122BC485-B926-3E9F-BCD6-149B10F8B2D6}
		{880D4E91-DA3E-32B3-9790-8BED433749B0} = {880D4E91-DA3E-32B3-9790-8BED433749B0}
		{3459EF45-2D2A-3100-9196-35F5B39CDF88} = {3459EF45-2D2A-3100-9196-35F5B39CDF88}
		{4CF597A5-1DA9-3A43-A15E-29C6BDA32C3B} = {4CF597A5-1DA9-3A43-A15E-29C6BDA32C3B}
		{8CEE316A-5B04-3D07-8127-E258006E4166} = {8CEE316A-5B04-3D07-8127-E258006E4166}
		{40280397-6A44-35EA-8F4A-0745916EA9B1} = {40280397-6A44-35EA-8F4A-0745916EA9B1}
		{D4DCFF88-2F0D-3DC8-80B9-BD3711CC6112} = {D4DCFF88-2F0D-3DC8-80B9-BD3711CC6112}
		{661140F7-BDB5-305C-AEAC-73FC6055428E} = {661140F7-BDB5-305C-AEAC-73FC6055428E}
		{2A059DF0-CCE2-3EB5-A3C0-63FB5DC50B92} = {2A059DF0-CCE2-3EB5-A3C0-63FB5DC50B92}
		{D913008C-2C4C-3AF6-AE4F-8581E2BAE8C8} = {D913008C-2C4C-3AF6-AE4F-8581E2BAE8C8}
		{26CEEBAE-2D32-3A6A-878B-3DB024E13DE8} = {26CEEBAE-2D32-3A6A-878B-3DB024E13DE8}
		{E1378871-F1CB-3305-930C-AEFDF6E4DA27} = {E1378871-F1CB-3305-930C-AEFDF6E4DA27}
		{D03F5CDD-DF31-3BD2-939C-B0A7F413837F} = {D03F5CDD-DF31-3BD2-939C-B0A7F413837F}
		{E2B1DFDC-E25E-3952-96D6-0A638C9B679D} = {E2B1DFDC-E25E-3952-96D6-0A638C9B679D}
		{4EBA706A-43D0-3EA2-8EDD-D83FE26E7C8C} = {4EBA706A-43D0-3EA2-8EDD-D83FE26E7C8C}
		{69701F13-E74D-3960-9DEC-D96BD439D9A6} = {69701F13-E74D-3960-9DEC-D96BD439D9A6}
		{4345B7A9-2849-3084-BBB2-CEC4000873FB} = {4345B7A9-2849-3084-BBB2-CEC4000873FB}
		{D330EA3F-4A05-33BE-B32E-6E47352A00DA} = {D330EA3F-4A05-33BE-B32E-6E47352A00DA}
		{E8458ECF-ED23-35CA-BBE4-84130E155D9B} = {E8458ECF-ED23-35CA-BBE4-84130E155D9B}
		{BF4E83B7-F650-3D5E-9A09-5EF29D31FBD0} = {BF4E83B7-F650-3D5E-9A09-5EF29D31FBD0}
		{3A371D0B-2D79-3010-AF40-DBFB58F6A6CF} = {3A371D0B-2D79-3010-AF40-DBFB58F6A6CF}
		{8DC8938D-F2B2-3B68-8832-6DDD07D3B09D} = {8DC8938D-F2B2-3B68-8832-6DDD07D3B09D}
		{5C984B00-FA09-32DF-A311-D1CB29307FAC} = {5C984B00-FA09-32DF-A311-D1CB29307FAC}
		{6A9D9B59-2A8A-3D4F-8D31-D8F41B6AA569} = {6A9D9B59-2A8A-3D4F-8D31-D8F41B6AA569}
		{4EA8034B-DE4C-3362-B553-F472C5D1502B} = {4EA8034B-DE4C-3362-B553-F472C5D1502B}
		{BEB2397E-D779-3297-BB19-1341DF4C7A52} = {BEB2397E-D779-3297-BB19-1341DF4C7A52}
		{23F9E526-2AD2-33B8-BA12-4962F7E689C3} = {23F9E526-2AD2-33B8-BA12-4962F7E689C3}
		{191E2330-A134-39DD-875F-80AC9F7239BB} = {191E2330-A134-39DD-875F-80AC9F7239BB}
		{A176C269-73E8-3C68-880C-0EC7FF026DF4} = {A176C269-73E8-3C68-880C-0EC7FF026DF4}
		{994DFD80-C46D-3859-9431-4D972A48CC76} = {994DFD80-C46D-3859-9431-4D972A48CC76}
		{F7E71453-089D-3A57-A457-227E3C2C112F} = {F7E71453-089D-3A57-A457-227E3C2C112F}
	EndProjectSection
EndProject
Project("{8BC9CEB8-8B4A-11D0-8D11-00A0C91BC942}") = "INSTALL", "INSTALL.vcxproj", "{6935054E-DF30-3455-84B8-3DE9E76C0511}"
	ProjectSection(ProjectDependencies) = postProject
		{FFD4FC1E-DADC-3CC8-8CF5-CB29720108FA} = {FFD4FC1E-DADC-3CC8-8CF5-CB29720108FA}
		{122BC485-B926-3E9F-BCD6-149B10F8B2D6} = {122BC485-B926-3E9F-BCD6-149B10F8B2D6}
	EndProjectSection
EndProject
Project("{8BC9CEB8-8B4A-11D0-8D11-00A0C91BC942}") = "ZERO_CHECK", "..\..\\ZERO_CHECK.vcxproj", "{122BC485-B926-3E9F-BCD6-149B10F8B2D6}"
	ProjectSection(ProjectDependencies) = postProject
	EndProjectSection
EndProject
Project("{8BC9CEB8-8B4A-11D0-8D11-00A0C91BC942}") = "boing", "examples\boing.vcxproj", "{880D4E91-DA3E-32B3-9790-8BED433749B0}"
	ProjectSection(ProjectDependencies) = postProject
		{122BC485-B926-3E9F-BCD6-149B10F8B2D6} = {122BC485-B926-3E9F-BCD6-149B10F8B2D6}
		{2A059DF0-CCE2-3EB5-A3C0-63FB5DC50B92} = {2A059DF0-CCE2-3EB5-A3C0-63FB5DC50B92}
	EndProjectSection
EndProject
Project("{8BC9CEB8-8B4A-11D0-8D11-00A0C91BC942}") = "clipboard", "tests\clipboard.vcxproj", "{3459EF45-2D2A-3100-9196-35F5B39CDF88}"
	ProjectSection(ProjectDependencies) = postProject
		{122BC485-B926-3E9F-BCD6-149B10F8B2D6} = {122BC485-B926-3E9F-BCD6-149B10F8B2D6}
		{2A059DF0-CCE2-3EB5-A3C0-63FB5DC50B92} = {2A059DF0-CCE2-3EB5-A3C0-63FB5DC50B92}
	EndProjectSection
EndProject
Project("{8BC9CEB8-8B4A-11D0-8D11-00A0C91BC942}") = "cursor", "tests\cursor.vcxproj", "{4CF597A5-1DA9-3A43-A15E-29C6BDA32C3B}"
	ProjectSection(ProjectDependencies) = postProject
		{122BC485-B926-3E9F-BCD6-149B10F8B2D6} = {122BC485-B926-3E9F-BCD6-149B10F8B2D6}
		{2A059DF0-CCE2-3EB5-A3C0-63FB5DC50B92} = {2A059DF0-CCE2-3EB5-A3C0-63FB5DC50B92}
	EndProjectSection
EndProject
Project("{8BC9CEB8-8B4A-11D0-8D11-00A0C91BC942}") = "empty", "tests\empty.vcxproj", "{8CEE316A-5B04-3D07-8127-E258006E4166}"
	ProjectSection(ProjectDependencies) = postProject
		{122BC485-B926-3E9F-BCD6-149B10F8B2D6} = {122BC485-B926-3E9F-BCD6-149B10F8B2D6}
		{2A059DF0-CCE2-3EB5-A3C0-63FB5DC50B92} = {2A059DF0-CCE2-3EB5-A3C0-63FB5DC50B92}
	EndProjectSection
EndProject
Project("{8BC9CEB8-8B4A-11D0-8D11-00A0C91BC942}") = "events", "tests\events.vcxproj", "{40280397-6A44-35EA-8F4A-0745916EA9B1}"
	ProjectSection(ProjectDependencies) = postProject
		{122BC485-B926-3E9F-BCD6-149B10F8B2D6} = {122BC485-B926-3E9F-BCD6-149B10F8B2D6}
		{2A059DF0-CCE2-3EB5-A3C0-63FB5DC50B92} = {2A059DF0-CCE2-3EB5-A3C0-63FB5DC50B92}
	EndProjectSection
EndProject
Project("{8BC9CEB8-8B4A-11D0-8D11-00A0C91BC942}") = "gamma", "tests\gamma.vcxproj", "{D4DCFF88-2F0D-3DC8-80B9-BD3711CC6112}"
	ProjectSection(ProjectDependencies) = postProject
		{122BC485-B926-3E9F-BCD6-149B10F8B2D6} = {122BC485-B926-3E9F-BCD6-149B10F8B2D6}
		{2A059DF0-CCE2-3EB5-A3C0-63FB5DC50B92} = {2A059DF0-CCE2-3EB5-A3C0-63FB5DC50B92}
	EndProjectSection
EndProject
Project("{8BC9CEB8-8B4A-11D0-8D11-00A0C91BC942}") = "gears", "examples\gears.vcxproj", "{661140F7-BDB5-305C-AEAC-73FC6055428E}"
	ProjectSection(ProjectDependencies) = postProject
		{122BC485-B926-3E9F-BCD6-149B10F8B2D6} = {122BC485-B926-3E9F-BCD6-149B10F8B2D6}
		{2A059DF0-CCE2-3EB5-A3C0-63FB5DC50B92} = {2A059DF0-CCE2-3EB5-A3C0-63FB5DC50B92}
	EndProjectSection
EndProject
Project("{8BC9CEB8-8B4A-11D0-8D11-00A0C91BC942}") = "glfw", "src\glfw.vcxproj", "{2A059DF0-CCE2-3EB5-A3C0-63FB5DC50B92}"
	ProjectSection(ProjectDependencies) = postProject
		{122BC485-B926-3E9F-BCD6-149B10F8B2D6} = {122BC485-B926-3E9F-BCD6-149B10F8B2D6}
	EndProjectSection
EndProject
Project("{8BC9CEB8-8B4A-11D0-8D11-00A0C91BC942}") = "glfwinfo", "tests\glfwinfo.vcxproj", "{D913008C-2C4C-3AF6-AE4F-8581E2BAE8C8}"
	ProjectSection(ProjectDependencies) = postProject
		{122BC485-B926-3E9F-BCD6-149B10F8B2D6} = {122BC485-B926-3E9F-BCD6-149B10F8B2D6}
		{2A059DF0-CCE2-3EB5-A3C0-63FB5DC50B92} = {2A059DF0-CCE2-3EB5-A3C0-63FB5DC50B92}
	EndProjectSection
EndProject
Project("{8BC9CEB8-8B4A-11D0-8D11-00A0C91BC942}") = "heightmap", "examples\heightmap.vcxproj", "{26CEEBAE-2D32-3A6A-878B-3DB024E13DE8}"
	ProjectSection(ProjectDependencies) = postProject
		{122BC485-B926-3E9F-BCD6-149B10F8B2D6} = {122BC485-B926-3E9F-BCD6-149B10F8B2D6}
		{2A059DF0-CCE2-3EB5-A3C0-63FB5DC50B92} = {2A059DF0-CCE2-3EB5-A3C0-63FB5DC50B92}
	EndProjectSection
EndProject
Project("{8BC9CEB8-8B4A-11D0-8D11-00A0C91BC942}") = "icon", "tests\icon.vcxproj", "{E1378871-F1CB-3305-930C-AEFDF6E4DA27}"
	ProjectSection(ProjectDependencies) = postProject
		{122BC485-B926-3E9F-BCD6-149B10F8B2D6} = {122BC485-B926-3E9F-BCD6-149B10F8B2D6}
		{2A059DF0-CCE2-3EB5-A3C0-63FB5DC50B92} = {2A059DF0-CCE2-3EB5-A3C0-63FB5DC50B92}
	EndProjectSection
EndProject
Project("{8BC9CEB8-8B4A-11D0-8D11-00A0C91BC942}") = "iconify", "tests\iconify.vcxproj", "{D03F5CDD-DF31-3BD2-939C-B0A7F413837F}"
	ProjectSection(ProjectDependencies) = postProject
		{122BC485-B926-3E9F-BCD6-149B10F8B2D6} = {122BC485-B926-3E9F-BCD6-149B10F8B2D6}
		{2A059DF0-CCE2-3EB5-A3C0-63FB5DC50B92} = {2A059DF0-CCE2-3EB5-A3C0-63FB5DC50B92}
	EndProjectSection
EndProject
Project("{8BC9CEB8-8B4A-11D0-8D11-00A0C91BC942}") = "inputlag", "tests\inputlag.vcxproj", "{E2B1DFDC-E25E-3952-96D6-0A638C9B679D}"
	ProjectSection(ProjectDependencies) = postProject
		{122BC485-B926-3E9F-BCD6-149B10F8B2D6} = {122BC485-B926-3E9F-BCD6-149B10F8B2D6}
		{2A059DF0-CCE2-3EB5-A3C0-63FB5DC50B92} = {2A059DF0-CCE2-3EB5-A3C0-63FB5DC50B92}
	EndProjectSection
EndProject
Project("{8BC9CEB8-8B4A-11D0-8D11-00A0C91BC942}") = "joysticks", "tests\joysticks.vcxproj", "{4EBA706A-43D0-3EA2-8EDD-D83FE26E7C8C}"
	ProjectSection(ProjectDependencies) = postProject
		{122BC485-B926-3E9F-BCD6-149B10F8B2D6} = {122BC485-B926-3E9F-BCD6-149B10F8B2D6}
		{2A059DF0-CCE2-3EB5-A3C0-63FB5DC50B92} = {2A059DF0-CCE2-3EB5-A3C0-63FB5DC50B92}
	EndProjectSection
EndProject
Project("{8BC9CEB8-8B4A-11D0-8D11-00A0C91BC942}") = "monitors", "tests\monitors.vcxproj", "{69701F13-E74D-3960-9DEC-D96BD439D9A6}"
	ProjectSection(ProjectDependencies) = postProject
		{122BC485-B926-3E9F-BCD6-149B10F8B2D6} = {122BC485-B926-3E9F-BCD6-149B10F8B2D6}
		{2A059DF0-CCE2-3EB5-A3C0-63FB5DC50B92} = {2A059DF0-CCE2-3EB5-A3C0-63FB5DC50B92}
	EndProjectSection
EndProject
Project("{8BC9CEB8-8B4A-11D0-8D11-00A0C91BC942}") = "msaa", "tests\msaa.vcxproj", "{4345B7A9-2849-3084-BBB2-CEC4000873FB}"
	ProjectSection(ProjectDependencies) = postProject
		{122BC485-B926-3E9F-BCD6-149B10F8B2D6} = {122BC485-B926-3E9F-BCD6-149B10F8B2D6}
		{2A059DF0-CCE2-3EB5-A3C0-63FB5DC50B92} = {2A059DF0-CCE2-3EB5-A3C0-63FB5DC50B92}
	EndProjectSection
EndProject
Project("{8BC9CEB8-8B4A-11D0-8D11-00A0C91BC942}") = "offscreen", "examples\offscreen.vcxproj", "{D330EA3F-4A05-33BE-B32E-6E47352A00DA}"
	ProjectSection(ProjectDependencies) = postProject
		{122BC485-B926-3E9F-BCD6-149B10F8B2D6} = {122BC485-B926-3E9F-BCD6-149B10F8B2D6}
		{2A059DF0-CCE2-3EB5-A3C0-63FB5DC50B92} = {2A059DF0-CCE2-3EB5-A3C0-63FB5DC50B92}
	EndProjectSection
EndProject
Project("{8BC9CEB8-8B4A-11D0-8D11-00A0C91BC942}") = "opacity", "tests\opacity.vcxproj", "{E8458ECF-ED23-35CA-BBE4-84130E155D9B}"
	ProjectSection(ProjectDependencies) = postProject
		{122BC485-B926-3E9F-BCD6-149B10F8B2D6} = {122BC485-B926-3E9F-BCD6-149B10F8B2D6}
		{2A059DF0-CCE2-3EB5-A3C0-63FB5DC50B92} = {2A059DF0-CCE2-3EB5-A3C0-63FB5DC50B92}
	EndProjectSection
EndProject
Project("{8BC9CEB8-8B4A-11D0-8D11-00A0C91BC942}") = "particles", "examples\particles.vcxproj", "{BF4E83B7-F650-3D5E-9A09-5EF29D31FBD0}"
	ProjectSection(ProjectDependencies) = postProject
		{122BC485-B926-3E9F-BCD6-149B10F8B2D6} = {122BC485-B926-3E9F-BCD6-149B10F8B2D6}
		{2A059DF0-CCE2-3EB5-A3C0-63FB5DC50B92} = {2A059DF0-CCE2-3EB5-A3C0-63FB5DC50B92}
	EndProjectSection
EndProject
Project("{8BC9CEB8-8B4A-11D0-8D11-00A0C91BC942}") = "reopen", "tests\reopen.vcxproj", "{3A371D0B-2D79-3010-AF40-DBFB58F6A6CF}"
	ProjectSection(ProjectDependencies) = postProject
		{122BC485-B926-3E9F-BCD6-149B10F8B2D6} = {122BC485-B926-3E9F-BCD6-149B10F8B2D6}
		{2A059DF0-CCE2-3EB5-A3C0-63FB5DC50B92} = {2A059DF0-CCE2-3EB5-A3C0-63FB5DC50B92}
	EndProjectSection
EndProject
Project("{8BC9CEB8-8B4A-11D0-8D11-00A0C91BC942}") = "sharing", "examples\sharing.vcxproj", "{8DC8938D-F2B2-3B68-8832-6DDD07D3B09D}"
	ProjectSection(ProjectDependencies) = postProject
		{122BC485-B926-3E9F-BCD6-149B10F8B2D6} = {122BC485-B926-3E9F-BCD6-149B10F8B2D6}
		{2A059DF0-CCE2-3EB5-A3C0-63FB5DC50B92} = {2A059DF0-CCE2-3EB5-A3C0-63FB5DC50B92}
	EndProjectSection
EndProject
Project("{8BC9CEB8-8B4A-11D0-8D11-00A0C91BC942}") = "simple", "examples\simple.vcxproj", "{5C984B00-FA09-32DF-A311-D1CB29307FAC}"
	ProjectSection(ProjectDependencies) = postProject
		{122BC485-B926-3E9F-BCD6-149B10F8B2D6} = {122BC485-B926-3E9F-BCD6-149B10F8B2D6}
		{2A059DF0-CCE2-3EB5-A3C0-63FB5DC50B92} = {2A059DF0-CCE2-3EB5-A3C0-63FB5DC50B92}
	EndProjectSection
EndProject
Project("{8BC9CEB8-8B4A-11D0-8D11-00A0C91BC942}") = "splitview", "examples\splitview.vcxproj", "{6A9D9B59-2A8A-3D4F-8D31-D8F41B6AA569}"
	ProjectSection(ProjectDependencies) = postProject
		{122BC485-B926-3E9F-BCD6-149B10F8B2D6} = {122BC485-B926-3E9F-BCD6-149B10F8B2D6}
		{2A059DF0-CCE2-3EB5-A3C0-63FB5DC50B92} = {2A059DF0-CCE2-3EB5-A3C0-63FB5DC50B92}
	EndProjectSection
EndProject
Project("{8BC9CEB8-8B4A-11D0-8D11-00A0C91BC942}") = "tearing", "tests\tearing.vcxproj", "{4EA8034B-DE4C-3362-B553-F472C5D1502B}"
	ProjectSection(ProjectDependencies) = postProject
		{122BC485-B926-3E9F-BCD6-149B10F8B2D6} = {122BC485-B926-3E9F-BCD6-149B10F8B2D6}
		{2A059DF0-CCE2-3EB5-A3C0-63FB5DC50B92} = {2A059DF0-CCE2-3EB5-A3C0-63FB5DC50B92}
	EndProjectSection
EndProject
Project("{8BC9CEB8-8B4A-11D0-8D11-00A0C91BC942}") = "threads", "tests\threads.vcxproj", "{BEB2397E-D779-3297-BB19-1341DF4C7A52}"
	ProjectSection(ProjectDependencies) = postProject
		{122BC485-B926-3E9F-BCD6-149B10F8B2D6} = {122BC485-B926-3E9F-BCD6-149B10F8B2D6}
		{2A059DF0-CCE2-3EB5-A3C0-63FB5DC50B92} = {2A059DF0-CCE2-3EB5-A3C0-63FB5DC50B92}
	EndProjectSection
EndProject
Project("{8BC9CEB8-8B4A-11D0-8D11-00A0C91BC942}") = "timeout", "tests\timeout.vcxproj", "{23F9E526-2AD2-33B8-BA12-4962F7E689C3}"
	ProjectSection(ProjectDependencies) = postProject
		{122BC485-B926-3E9F-BCD6-149B10F8B2D6} = {122BC485-B926-3E9F-BCD6-149B10F8B2D6}
		{2A059DF0-CCE2-3EB5-A3C0-63FB5DC50B92} = {2A059DF0-CCE2-3EB5-A3C0-63FB5DC50B92}
	EndProjectSection
EndProject
Project("{8BC9CEB8-8B4A-11D0-8D11-00A0C91BC942}") = "title", "tests\title.vcxproj", "{191E2330-A134-39DD-875F-80AC9F7239BB}"
	ProjectSection(ProjectDependencies) = postProject
		{122BC485-B926-3E9F-BCD6-149B10F8B2D6} = {122BC485-B926-3E9F-BCD6-149B10F8B2D6}
		{2A059DF0-CCE2-3EB5-A3C0-63FB5DC50B92} = {2A059DF0-CCE2-3EB5-A3C0-63FB5DC50B92}
	EndProjectSection
EndProject
Project("{8BC9CEB8-8B4A-11D0-8D11-00A0C91BC942}") = "triangle-vulkan", "tests\triangle-vulkan.vcxproj", "{A176C269-73E8-3C68-880C-0EC7FF026DF4}"
	ProjectSection(ProjectDependencies) = postProject
		{122BC485-B926-3E9F-BCD6-149B10F8B2D6} = {122BC485-B926-3E9F-BCD6-149B10F8B2D6}
		{2A059DF0-CCE2-3EB5-A3C0-63FB5DC50B92} = {2A059DF0-CCE2-3EB5-A3C0-63FB5DC50B92}
	EndProjectSection
EndProject
Project("{8BC9CEB8-8B4A-11D0-8D11-00A0C91BC942}") = "uninstall", "uninstall.vcxproj", "{A45F9DD7-CFAA-363F-8AF1-39DCC55D04C3}"
	ProjectSection(ProjectDependencies) = postProject
		{122BC485-B926-3E9F-BCD6-149B10F8B2D6} = {122BC485-B926-3E9F-BCD6-149B10F8B2D6}
	EndProjectSection
EndProject
Project("{8BC9CEB8-8B4A-11D0-8D11-00A0C91BC942}") = "wave", "examples\wave.vcxproj", "{994DFD80-C46D-3859-9431-4D972A48CC76}"
	ProjectSection(ProjectDependencies) = postProject
		{122BC485-B926-3E9F-BCD6-149B10F8B2D6} = {122BC485-B926-3E9F-BCD6-149B10F8B2D6}
		{2A059DF0-CCE2-3EB5-A3C0-63FB5DC50B92} = {2A059DF0-CCE2-3EB5-A3C0-63FB5DC50B92}
	EndProjectSection
EndProject
Project("{8BC9CEB8-8B4A-11D0-8D11-00A0C91BC942}") = "windows", "tests\windows.vcxproj", "{F7E71453-089D-3A57-A457-227E3C2C112F}"
	ProjectSection(ProjectDependencies) = postProject
		{122BC485-B926-3E9F-BCD6-149B10F8B2D6} = {122BC485-B926-3E9F-BCD6-149B10F8B2D6}
		{2A059DF0-CCE2-3EB5-A3C0-63FB5DC50B92} = {2A059DF0-CCE2-3EB5-A3C0-63FB5DC50B92}
	EndProjectSection
EndProject
Global
	GlobalSection(SolutionConfigurationPlatforms) = preSolution
		Debug|x64 = Debug|x64
		Release|x64 = Release|x64
		MinSizeRel|x64 = MinSizeRel|x64
		RelWithDebInfo|x64 = RelWithDebInfo|x64
	EndGlobalSection
	GlobalSection(ProjectConfigurationPlatforms) = postSolution
		{FFD4FC1E-DADC-3CC8-8CF5-CB29720108FA}.Debug|x64.ActiveCfg = Debug|x64
		{FFD4FC1E-DADC-3CC8-8CF5-CB29720108FA}.Debug|x64.Build.0 = Debug|x64
		{FFD4FC1E-DADC-3CC8-8CF5-CB29720108FA}.Release|x64.ActiveCfg = Release|x64
		{FFD4FC1E-DADC-3CC8-8CF5-CB29720108FA}.Release|x64.Build.0 = Release|x64
		{FFD4FC1E-DADC-3CC8-8CF5-CB29720108FA}.MinSizeRel|x64.ActiveCfg = MinSizeRel|x64
		{FFD4FC1E-DADC-3CC8-8CF5-CB29720108FA}.MinSizeRel|x64.Build.0 = MinSizeRel|x64
		{FFD4FC1E-DADC-3CC8-8CF5-CB29720108FA}.RelWithDebInfo|x64.ActiveCfg = RelWithDebInfo|x64
		{FFD4FC1E-DADC-3CC8-8CF5-CB29720108FA}.RelWithDebInfo|x64.Build.0 = RelWithDebInfo|x64
		{6935054E-DF30-3455-84B8-3DE9E76C0511}.Debug|x64.ActiveCfg = Debug|x64
		{6935054E-DF30-3455-84B8-3DE9E76C0511}.Release|x64.ActiveCfg = Release|x64
		{6935054E-DF30-3455-84B8-3DE9E76C0511}.MinSizeRel|x64.ActiveCfg = MinSizeRel|x64
		{6935054E-DF30-3455-84B8-3DE9E76C0511}.RelWithDebInfo|x64.ActiveCfg = RelWithDebInfo|x64
		{122BC485-B926-3E9F-BCD6-149B10F8B2D6}.Debug|x64.ActiveCfg = Debug|x64
		{122BC485-B926-3E9F-BCD6-149B10F8B2D6}.Debug|x64.Build.0 = Debug|x64
		{122BC485-B926-3E9F-BCD6-149B10F8B2D6}.Release|x64.ActiveCfg = Release|x64
		{122BC485-B926-3E9F-BCD6-149B10F8B2D6}.Release|x64.Build.0 = Release|x64
		{122BC485-B926-3E9F-BCD6-149B10F8B2D6}.MinSizeRel|x64.ActiveCfg = MinSizeRel|x64
		{122BC485-B926-3E9F-BCD6-149B10F8B2D6}.MinSizeRel|x64.Build.0 = MinSizeRel|x64
		{122BC485-B926-3E9F-BCD6-149B10F8B2D6}.RelWithDebInfo|x64.ActiveCfg = RelWithDebInfo|x64
		{122BC485-B926-3E9F-BCD6-149B10F8B2D6}.RelWithDebInfo|x64.Build.0 = RelWithDebInfo|x64
		{880D4E91-DA3E-32B3-9790-8BED433749B0}.Debug|x64.ActiveCfg = Debug|x64
		{880D4E91-DA3E-32B3-9790-8BED433749B0}.Debug|x64.Build.0 = Debug|x64
		{880D4E91-DA3E-32B3-9790-8BED433749B0}.Release|x64.ActiveCfg = Release|x64
		{880D4E91-DA3E-32B3-9790-8BED433749B0}.Release|x64.Build.0 = Release|x64
		{880D4E91-DA3E-32B3-9790-8BED433749B0}.MinSizeRel|x64.ActiveCfg = MinSizeRel|x64
		{880D4E91-DA3E-32B3-9790-8BED433749B0}.MinSizeRel|x64.Build.0 = MinSizeRel|x64
		{880D4E91-DA3E-32B3-9790-8BED433749B0}.RelWithDebInfo|x64.ActiveCfg = RelWithDebInfo|x64
		{880D4E91-DA3E-32B3-9790-8BED433749B0}.RelWithDebInfo|x64.Build.0 = RelWithDebInfo|x64
		{3459EF45-2D2A-3100-9196-35F5B39CDF88}.Debug|x64.ActiveCfg = Debug|x64
		{3459EF45-2D2A-3100-9196-35F5B39CDF88}.Debug|x64.Build.0 = Debug|x64
		{3459EF45-2D2A-3100-9196-35F5B39CDF88}.Release|x64.ActiveCfg = Release|x64
		{3459EF45-2D2A-3100-9196-35F5B39CDF88}.Release|x64.Build.0 = Release|x64
		{3459EF45-2D2A-3100-9196-35F5B39CDF88}.MinSizeRel|x64.ActiveCfg = MinSizeRel|x64
		{3459EF45-2D2A-3100-9196-35F5B39CDF88}.MinSizeRel|x64.Build.0 = MinSizeRel|x64
		{3459EF45-2D2A-3100-9196-35F5B39CDF88}.RelWithDebInfo|x64.ActiveCfg = RelWithDebInfo|x64
		{3459EF45-2D2A-3100-9196-35F5B39CDF88}.RelWithDebInfo|x64.Build.0 = RelWithDebInfo|x64
		{4CF597A5-1DA9-3A43-A15E-29C6BDA32C3B}.Debug|x64.ActiveCfg = Debug|x64
		{4CF597A5-1DA9-3A43-A15E-29C6BDA32C3B}.Debug|x64.Build.0 = Debug|x64
		{4CF597A5-1DA9-3A43-A15E-29C6BDA32C3B}.Release|x64.ActiveCfg = Release|x64
		{4CF597A5-1DA9-3A43-A15E-29C6BDA32C3B}.Release|x64.Build.0 = Release|x64
		{4CF597A5-1DA9-3A43-A15E-29C6BDA32C3B}.MinSizeRel|x64.ActiveCfg = MinSizeRel|x64
		{4CF597A5-1DA9-3A43-A15E-29C6BDA32C3B}.MinSizeRel|x64.Build.0 = MinSizeRel|x64
		{4CF597A5-1DA9-3A43-A15E-29C6BDA32C3B}.RelWithDebInfo|x64.ActiveCfg = RelWithDebInfo|x64
		{4CF597A5-1DA9-3A43-A15E-29C6BDA32C3B}.RelWithDebInfo|x64.Build.0 = RelWithDebInfo|x64
		{8CEE316A-5B04-3D07-8127-E258006E4166}.Debug|x64.ActiveCfg = Debug|x64
		{8CEE316A-5B04-3D07-8127-E258006E4166}.Debug|x64.Build.0 = Debug|x64
		{8CEE316A-5B04-3D07-8127-E258006E4166}.Release|x64.ActiveCfg = Release|x64
		{8CEE316A-5B04-3D07-8127-E258006E4166}.Release|x64.Build.0 = Release|x64
		{8CEE316A-5B04-3D07-8127-E258006E4166}.MinSizeRel|x64.ActiveCfg = MinSizeRel|x64
		{8CEE316A-5B04-3D07-8127-E258006E4166}.MinSizeRel|x64.Build.0 = MinSizeRel|x64
		{8CEE316A-5B04-3D07-8127-E258006E4166}.RelWithDebInfo|x64.ActiveCfg = RelWithDebInfo|x64
		{8CEE316A-5B04-3D07-8127-E258006E4166}.RelWithDebInfo|x64.Build.0 = RelWithDebInfo|x64
		{40280397-6A44-35EA-8F4A-0745916EA9B1}.Debug|x64.ActiveCfg = Debug|x64
		{40280397-6A44-35EA-8F4A-0745916EA9B1}.Debug|x64.Build.0 = Debug|x64
		{40280397-6A44-35EA-8F4A-0745916EA9B1}.Release|x64.ActiveCfg = Release|x64
		{40280397-6A44-35EA-8F4A-0745916EA9B1}.Release|x64.Build.0 = Release|x64
		{40280397-6A44-35EA-8F4A-0745916EA9B1}.MinSizeRel|x64.ActiveCfg = MinSizeRel|x64
		{40280397-6A44-35EA-8F4A-0745916EA9B1}.MinSizeRel|x64.Build.0 = MinSizeRel|x64
		{40280397-6A44-35EA-8F4A-0745916EA9B1}.RelWithDebInfo|x64.ActiveCfg = RelWithDebInfo|x64
		{40280397-6A44-35EA-8F4A-0745916EA9B1}.RelWithDebInfo|x64.Build.0 = RelWithDebInfo|x64
		{D4DCFF88-2F0D-3DC8-80B9-BD3711CC6112}.Debug|x64.ActiveCfg = Debug|x64
		{D4DCFF88-2F0D-3DC8-80B9-BD3711CC6112}.Debug|x64.Build.0 = Debug|x64
		{D4DCFF88-2F0D-3DC8-80B9-BD3711CC6112}.Release|x64.ActiveCfg = Release|x64
		{D4DCFF88-2F0D-3DC8-80B9-BD3711CC6112}.Release|x64.Build.0 = Release|x64
		{D4DCFF88-2F0D-3DC8-80B9-BD3711CC6112}.MinSizeRel|x64.ActiveCfg = MinSizeRel|x64
		{D4DCFF88-2F0D-3DC8-80B9-BD3711CC6112}.MinSizeRel|x64.Build.0 = MinSizeRel|x64
		{D4DCFF88-2F0D-3DC8-80B9-BD3711CC6112}.RelWithDebInfo|x64.ActiveCfg = RelWithDebInfo|x64
		{D4DCFF88-2F0D-3DC8-80B9-BD3711CC6112}.RelWithDebInfo|x64.Build.0 = RelWithDebInfo|x64
		{661140F7-BDB5-305C-AEAC-73FC6055428E}.Debug|x64.ActiveCfg = Debug|x64
		{661140F7-BDB5-305C-AEAC-73FC6055428E}.Debug|x64.Build.0 = Debug|x64
		{661140F7-BDB5-305C-AEAC-73FC6055428E}.Release|x64.ActiveCfg = Release|x64
		{661140F7-BDB5-305C-AEAC-73FC6055428E}.Release|x64.Build.0 = Release|x64
		{661140F7-BDB5-305C-AEAC-73FC6055428E}.MinSizeRel|x64.ActiveCfg = MinSizeRel|x64
		{661140F7-BDB5-305C-AEAC-73FC6055428E}.MinSizeRel|x64.Build.0 = MinSizeRel|x64
		{661140F7-BDB5-305C-AEAC-73FC6055428E}.RelWithDebInfo|x64.ActiveCfg = RelWithDebInfo|x64
		{661140F7-BDB5-305C-AEAC-73FC6055428E}.RelWithDebInfo|x64.Build.0 = RelWithDebInfo|x64
		{2A059DF0-CCE2-3EB5-A3C0-63FB5DC50B92}.Debug|x64.ActiveCfg = Debug|x64
		{2A059DF0-CCE2-3EB5-A3C0-63FB5DC50B92}.Debug|x64.Build.0 = Debug|x64
		{2A059DF0-CCE2-3EB5-A3C0-63FB5DC50B92}.Release|x64.ActiveCfg = Release|x64
		{2A059DF0-CCE2-3EB5-A3C0-63FB5DC50B92}.Release|x64.Build.0 = Release|x64
		{2A059DF0-CCE2-3EB5-A3C0-63FB5DC50B92}.MinSizeRel|x64.ActiveCfg = MinSizeRel|x64
		{2A059DF0-CCE2-3EB5-A3C0-63FB5DC50B92}.MinSizeRel|x64.Build.0 = MinSizeRel|x64
		{2A059DF0-CCE2-3EB5-A3C0-63FB5DC50B92}.RelWithDebInfo|x64.ActiveCfg = RelWithDebInfo|x64
		{2A059DF0-CCE2-3EB5-A3C0-63FB5DC50B92}.RelWithDebInfo|x64.Build.0 = RelWithDebInfo|x64
		{D913008C-2C4C-3AF6-AE4F-8581E2BAE8C8}.Debug|x64.ActiveCfg = Debug|x64
		{D913008C-2C4C-3AF6-AE4F-8581E2BAE8C8}.Debug|x64.Build.0 = Debug|x64
		{D913008C-2C4C-3AF6-AE4F-8581E2BAE8C8}.Release|x64.ActiveCfg = Release|x64
		{D913008C-2C4C-3AF6-AE4F-8581E2BAE8C8}.Release|x64.Build.0 = Release|x64
		{D913008C-2C4C-3AF6-AE4F-8581E2BAE8C8}.MinSizeRel|x64.ActiveCfg = MinSizeRel|x64
		{D913008C-2C4C-3AF6-AE4F-8581E2BAE8C8}.MinSizeRel|x64.Build.0 = MinSizeRel|x64
		{D913008C-2C4C-3AF6-AE4F-8581E2BAE8C8}.RelWithDebInfo|x64.ActiveCfg = RelWithDebInfo|x64
		{D913008C-2C4C-3AF6-AE4F-8581E2BAE8C8}.RelWithDebInfo|x64.Build.0 = RelWithDebInfo|x64
		{26CEEBAE-2D32-3A6A-878B-3DB024E13DE8}.Debug|x64.ActiveCfg = Debug|x64
		{26CEEBAE-2D32-3A6A-878B-3DB024E13DE8}.Debug|x64.Build.0 = Debug|x64
		{26CEEBAE-2D32-3A6A-878B-3DB024E13DE8}.Release|x64.ActiveCfg = Release|x64
		{26CEEBAE-2D32-3A6A-878B-3DB024E13DE8}.Release|x64.Build.0 = Release|x64
		{26CEEBAE-2D32-3A6A-878B-3DB024E13DE8}.MinSizeRel|x64.ActiveCfg = MinSizeRel|x64
		{26CEEBAE-2D32-3A6A-878B-3DB024E13DE8}.MinSizeRel|x64.Build.0 = MinSizeRel|x64
		{26CEEBAE-2D32-3A6A-878B-3DB024E13DE8}.RelWithDebInfo|x64.ActiveCfg = RelWithDebInfo|x64
		{26CEEBAE-2D32-3A6A-878B-3DB024E13DE8}.RelWithDebInfo|x64.Build.0 = RelWithDebInfo|x64
		{E1378871-F1CB-3305-930C-AEFDF6E4DA27}.Debug|x64.ActiveCfg = Debug|x64
		{E1378871-F1CB-3305-930C-AEFDF6E4DA27}.Debug|x64.Build.0 = Debug|x64
		{E1378871-F1CB-3305-930C-AEFDF6E4DA27}.Release|x64.ActiveCfg = Release|x64
		{E1378871-F1CB-3305-930C-AEFDF6E4DA27}.Release|x64.Build.0 = Release|x64
		{E1378871-F1CB-3305-930C-AEFDF6E4DA27}.MinSizeRel|x64.ActiveCfg = MinSizeRel|x64
		{E1378871-F1CB-3305-930C-AEFDF6E4DA27}.MinSizeRel|x64.Build.0 = MinSizeRel|x64
		{E1378871-F1CB-3305-930C-AEFDF6E4DA27}.RelWithDebInfo|x64.ActiveCfg = RelWithDebInfo|x64
		{E1378871-F1CB-3305-930C-AEFDF6E4DA27}.RelWithDebInfo|x64.Build.0 = RelWithDebInfo|x64
		{D03F5CDD-DF31-3BD2-939C-B0A7F413837F}.Debug|x64.ActiveCfg = Debug|x64
		{D03F5CDD-DF31-3BD2-939C-B0A7F413837F}.Debug|x64.Build.0 = Debug|x64
		{D03F5CDD-DF31-3BD2-939C-B0A7F413837F}.Release|x64.ActiveCfg = Release|x64
		{D03F5CDD-DF31-3BD2-939C-B0A7F413837F}.Release|x64.Build.0 = Release|x64
		{D03F5CDD-DF31-3BD2-939C-B0A7F413837F}.MinSizeRel|x64.ActiveCfg = MinSizeRel|x64
		{D03F5CDD-DF31-3BD2-939C-B0A7F413837F}.MinSizeRel|x64.Build.0 = MinSizeRel|x64
		{D03F5CDD-DF31-3BD2-939C-B0A7F413837F}.RelWithDebInfo|x64.ActiveCfg = RelWithDebInfo|x64
		{D03F5CDD-DF31-3BD2-939C-B0A7F413837F}.RelWithDebInfo|x64.Build.0 = RelWithDebInfo|x64
		{E2B1DFDC-E25E-3952-96D6-0A638C9B679D}.Debug|x64.ActiveCfg = Debug|x64
		{E2B1DFDC-E25E-3952-96D6-0A638C9B679D}.Debug|x64.Build.0 = Debug|x64
		{E2B1DFDC-E25E-3952-96D6-0A638C9B679D}.Release|x64.ActiveCfg = Release|x64
		{E2B1DFDC-E25E-3952-96D6-0A638C9B679D}.Release|x64.Build.0 = Release|x64
		{E2B1DFDC-E25E-3952-96D6-0A638C9B679D}.MinSizeRel|x64.ActiveCfg = MinSizeRel|x64
		{E2B1DFDC-E25E-3952-96D6-0A638C9B679D}.MinSizeRel|x64.Build.0 = MinSizeRel|x64
		{E2B1DFDC-E25E-3952-96D6-0A638C9B679D}.RelWithDebInfo|x64.ActiveCfg = RelWithDebInfo|x64
		{E2B1DFDC-E25E-3952-96D6-0A638C9B679D}.RelWithDebInfo|x64.Build.0 = RelWithDebInfo|x64
		{4EBA706A-43D0-3EA2-8EDD-D83FE26E7C8C}.Debug|x64.ActiveCfg = Debug|x64
		{4EBA706A-43D0-3EA2-8EDD-D83FE26E7C8C}.Debug|x64.Build.0 = Debug|x64
		{4EBA706A-43D0-3EA2-8EDD-D83FE26E7C8C}.Release|x64.ActiveCfg = Release|x64
		{4EBA706A-43D0-3EA2-8EDD-D83FE26E7C8C}.Release|x64.Build.0 = Release|x64
		{4EBA706A-43D0-3EA2-8EDD-D83FE26E7C8C}.MinSizeRel|x64.ActiveCfg = MinSizeRel|x64
		{4EBA706A-43D0-3EA2-8EDD-D83FE26E7C8C}.MinSizeRel|x64.Build.0 = MinSizeRel|x64
		{4EBA706A-43D0-3EA2-8EDD-D83FE26E7C8C}.RelWithDebInfo|x64.ActiveCfg = RelWithDebInfo|x64
		{4EBA706A-43D0-3EA2-8EDD-D83FE26E7C8C}.RelWithDebInfo|x64.Build.0 = RelWithDebInfo|x64
		{69701F13-E74D-3960-9DEC-D96BD439D9A6}.Debug|x64.ActiveCfg = Debug|x64
		{69701F13-E74D-3960-9DEC-D96BD439D9A6}.Debug|x64.Build.0 = Debug|x64
		{69701F13-E74D-3960-9DEC-D96BD439D9A6}.Release|x64.ActiveCfg = Release|x64
		{69701F13-E74D-3960-9DEC-D96BD439D9A6}.Release|x64.Build.0 = Release|x64
		{69701F13-E74D-3960-9DEC-D96BD439D9A6}.MinSizeRel|x64.ActiveCfg = MinSizeRel|x64
		{69701F13-E74D-3960-9DEC-D96BD439D9A6}.MinSizeRel|x64.Build.0 = MinSizeRel|x64
		{69701F13-E74D-3960-9DEC-D96BD439D9A6}.RelWithDebInfo|x64.ActiveCfg = RelWithDebInfo|x64
		{69701F13-E74D-3960-9DEC-D96BD439D9A6}.RelWithDebInfo|x64.Build.0 = RelWithDebInfo|x64
		{4345B7A9-2849-3084-BBB2-CEC4000873FB}.Debug|x64.ActiveCfg = Debug|x64
		{4345B7A9-2849-3084-BBB2-CEC4000873FB}.Debug|x64.Build.0 = Debug|x64
		{4345B7A9-2849-3084-BBB2-CEC4000873FB}.Release|x64.ActiveCfg = Release|x64
		{4345B7A9-2849-3084-BBB2-CEC4000873FB}.Release|x64.Build.0 = Release|x64
		{4345B7A9-2849-3084-BBB2-CEC4000873FB}.MinSizeRel|x64.ActiveCfg = MinSizeRel|x64
		{4345B7A9-2849-3084-BBB2-CEC4000873FB}.MinSizeRel|x64.Build.0 = MinSizeRel|x64
		{4345B7A9-2849-3084-BBB2-CEC4000873FB}.RelWithDebInfo|x64.ActiveCfg = RelWithDebInfo|x64
		{4345B7A9-2849-3084-BBB2-CEC4000873FB}.RelWithDebInfo|x64.Build.0 = RelWithDebInfo|x64
		{D330EA3F-4A05-33BE-B32E-6E47352A00DA}.Debug|x64.ActiveCfg = Debug|x64
		{D330EA3F-4A05-33BE-B32E-6E47352A00DA}.Debug|x64.Build.0 = Debug|x64
		{D330EA3F-4A05-33BE-B32E-6E47352A00DA}.Release|x64.ActiveCfg = Release|x64
		{D330EA3F-4A05-33BE-B32E-6E47352A00DA}.Release|x64.Build.0 = Release|x64
		{D330EA3F-4A05-33BE-B32E-6E47352A00DA}.MinSizeRel|x64.ActiveCfg = MinSizeRel|x64
		{D330EA3F-4A05-33BE-B32E-6E47352A00DA}.MinSizeRel|x64.Build.0 = MinSizeRel|x64
		{D330EA3F-4A05-33BE-B32E-6E47352A00DA}.RelWithDebInfo|x64.ActiveCfg = RelWithDebInfo|x64
		{D330EA3F-4A05-33BE-B32E-6E47352A00DA}.RelWithDebInfo|x64.Build.0 = RelWithDebInfo|x64
		{E8458ECF-ED23-35CA-BBE4-84130E155D9B}.Debug|x64.ActiveCfg = Debug|x64
		{E8458ECF-ED23-35CA-BBE4-84130E155D9B}.Debug|x64.Build.0 = Debug|x64
		{E8458ECF-ED23-35CA-BBE4-84130E155D9B}.Release|x64.ActiveCfg = Release|x64
		{E8458ECF-ED23-35CA-BBE4-84130E155D9B}.Release|x64.Build.0 = Release|x64
		{E8458ECF-ED23-35CA-BBE4-84130E155D9B}.MinSizeRel|x64.ActiveCfg = MinSizeRel|x64
		{E8458ECF-ED23-35CA-BBE4-84130E155D9B}.MinSizeRel|x64.Build.0 = MinSizeRel|x64
		{E8458ECF-ED23-35CA-BBE4-84130E155D9B}.RelWithDebInfo|x64.ActiveCfg = RelWithDebInfo|x64
		{E8458ECF-ED23-35CA-BBE4-84130E155D9B}.RelWithDebInfo|x64.Build.0 = RelWithDebInfo|x64
		{BF4E83B7-F650-3D5E-9A09-5EF29D31FBD0}.Debug|x64.ActiveCfg = Debug|x64
		{BF4E83B7-F650-3D5E-9A09-5EF29D31FBD0}.Debug|x64.Build.0 = Debug|x64
		{BF4E83B7-F650-3D5E-9A09-5EF29D31FBD0}.Release|x64.ActiveCfg = Release|x64
		{BF4E83B7-F650-3D5E-9A09-5EF29D31FBD0}.Release|x64.Build.0 = Release|x64
		{BF4E83B7-F650-3D5E-9A09-5EF29D31FBD0}.MinSizeRel|x64.ActiveCfg = MinSizeRel|x64
		{BF4E83B7-F650-3D5E-9A09-5EF29D31FBD0}.MinSizeRel|x64.Build.0 = MinSizeRel|x64
		{BF4E83B7-F650-3D5E-9A09-5EF29D31FBD0}.RelWithDebInfo|x64.ActiveCfg = RelWithDebInfo|x64
		{BF4E83B7-F650-3D5E-9A09-5EF29D31FBD0}.RelWithDebInfo|x64.Build.0 = RelWithDebInfo|x64
		{3A371D0B-2D79-3010-AF40-DBFB58F6A6CF}.Debug|x64.ActiveCfg = Debug|x64
		{3A371D0B-2D79-3010-AF40-DBFB58F6A6CF}.Debug|x64.Build.0 = Debug|x64
		{3A371D0B-2D79-3010-AF40-DBFB58F6A6CF}.Release|x64.ActiveCfg = Release|x64
		{3A371D0B-2D79-3010-AF40-DBFB58F6A6CF}.Release|x64.Build.0 = Release|x64
		{3A371D0B-2D79-3010-AF40-DBFB58F6A6CF}.MinSizeRel|x64.ActiveCfg = MinSizeRel|x64
		{3A371D0B-2D79-3010-AF40-DBFB58F6A6CF}.MinSizeRel|x64.Build.0 = MinSizeRel|x64
		{3A371D0B-2D79-3010-AF40-DBFB58F6A6CF}.RelWithDebInfo|x64.ActiveCfg = RelWithDebInfo|x64
		{3A371D0B-2D79-3010-AF40-DBFB58F6A6CF}.RelWithDebInfo|x64.Build.0 = RelWithDebInfo|x64
		{8DC8938D-F2B2-3B68-8832-6DDD07D3B09D}.Debug|x64.ActiveCfg = Debug|x64
		{8DC8938D-F2B2-3B68-8832-6DDD07D3B09D}.Debug|x64.Build.0 = Debug|x64
		{8DC8938D-F2B2-3B68-8832-6DDD07D3B09D}.Release|x64.ActiveCfg = Release|x64
		{8DC8938D-F2B2-3B68-8832-6DDD07D3B09D}.Release|x64.Build.0 = Release|x64
		{8DC8938D-F2B2-3B68-8832-6DDD07D3B09D}.MinSizeRel|x64.ActiveCfg = MinSizeRel|x64
		{8DC8938D-F2B2-3B68-8832-6DDD07D3B09D}.MinSizeRel|x64.Build.0 = MinSizeRel|x64
		{8DC8938D-F2B2-3B68-8832-6DDD07D3B09D}.RelWithDebInfo|x64.ActiveCfg = RelWithDebInfo|x64
		{8DC8938D-F2B2-3B68-8832-6DDD07D3B09D}.RelWithDebInfo|x64.Build.0 = RelWithDebInfo|x64
		{5C984B00-FA09-32DF-A311-D1CB29307FAC}.Debug|x64.ActiveCfg = Debug|x64
		{5C984B00-FA09-32DF-A311-D1CB29307FAC}.Debug|x64.Build.0 = Debug|x64
		{5C984B00-FA09-32DF-A311-D1CB29307FAC}.Release|x64.ActiveCfg = Release|x64
		{5C984B00-FA09-32DF-A311-D1CB29307FAC}.Release|x64.Build.0 = Release|x64
		{5C984B00-FA09-32DF-A311-D1CB29307FAC}.MinSizeRel|x64.ActiveCfg = MinSizeRel|x64
		{5C984B00-FA09-32DF-A311-D1CB29307FAC}.MinSizeRel|x64.Build.0 = MinSizeRel|x64
		{5C984B00-FA09-32DF-A311-D1CB29307FAC}.RelWithDebInfo|x64.ActiveCfg = RelWithDebInfo|x64
		{5C984B00-FA09-32DF-A311-D1CB29307FAC}.RelWithDebInfo|x64.Build.0 = RelWithDebInfo|x64
		{6A9D9B59-2A8A-3D4F-8D31-D8F41B6AA569}.Debug|x64.ActiveCfg = Debug|x64
		{6A9D9B59-2A8A-3D4F-8D31-D8F41B6AA569}.Debug|x64.Build.0 = Debug|x64
		{6A9D9B59-2A8A-3D4F-8D31-D8F41B6AA569}.Release|x64.ActiveCfg = Release|x64
		{6A9D9B59-2A8A-3D4F-8D31-D8F41B6AA569}.Release|x64.Build.0 = Release|x64
		{6A9D9B59-2A8A-3D4F-8D31-D8F41B6AA569}.MinSizeRel|x64.ActiveCfg = MinSizeRel|x64
		{6A9D9B59-2A8A-3D4F-8D31-D8F41B6AA569}.MinSizeRel|x64.Build.0 = MinSizeRel|x64
		{6A9D9B59-2A8A-3D4F-8D31-D8F41B6AA569}.RelWithDebInfo|x64.ActiveCfg = RelWithDebInfo|x64
		{6A9D9B59-2A8A-3D4F-8D31-D8F41B6AA569}.RelWithDebInfo|x64.Build.0 = RelWithDebInfo|x64
		{4EA8034B-DE4C-3362-B553-F472C5D1502B}.Debug|x64.ActiveCfg = Debug|x64
		{4EA8034B-DE4C-3362-B553-F472C5D1502B}.Debug|x64.Build.0 = Debug|x64
		{4EA8034B-DE4C-3362-B553-F472C5D1502B}.Release|x64.ActiveCfg = Release|x64
		{4EA8034B-DE4C-3362-B553-F472C5D1502B}.Release|x64.Build.0 = Release|x64
		{4EA8034B-DE4C-3362-B553-F472C5D1502B}.MinSizeRel|x64.ActiveCfg = MinSizeRel|x64
		{4EA8034B-DE4C-3362-B553-F472C5D1502B}.MinSizeRel|x64.Build.0 = MinSizeRel|x64
		{4EA8034B-DE4C-3362-B553-F472C5D1502B}.RelWithDebInfo|x64.ActiveCfg = RelWithDebInfo|x64
		{4EA8034B-DE4C-3362-B553-F472C5D1502B}.RelWithDebInfo|x64.Build.0 = RelWithDebInfo|x64
		{BEB2397E-D779-3297-BB19-1341DF4C7A52}.Debug|x64.ActiveCfg = Debug|x64
		{BEB2397E-D779-3297-BB19-1341DF4C7A52}.Debug|x64.Build.0 = Debug|x64
		{BEB2397E-D779-3297-BB19-1341DF4C7A52}.Release|x64.ActiveCfg = Release|x64
		{BEB2397E-D779-3297-BB19-1341DF4C7A52}.Release|x64.Build.0 = Release|x64
		{BEB2397E-D779-3297-BB19-1341DF4C7A52}.MinSizeRel|x64.ActiveCfg = MinSizeRel|x64
		{BEB2397E-D779-3297-BB19-1341DF4C7A52}.MinSizeRel|x64.Build.0 = MinSizeRel|x64
		{BEB2397E-D779-3297-BB19-1341DF4C7A52}.RelWithDebInfo|x64.ActiveCfg = RelWithDebInfo|x64
		{BEB2397E-D779-3297-BB19-1341DF4C7A52}.RelWithDebInfo|x64.Build.0 = RelWithDebInfo|x64
		{23F9E526-2AD2-33B8-BA12-4962F7E689C3}.Debug|x64.ActiveCfg = Debug|x64
		{23F9E526-2AD2-33B8-BA12-4962F7E689C3}.Debug|x64.Build.0 = Debug|x64
		{23F9E526-2AD2-33B8-BA12-4962F7E689C3}.Release|x64.ActiveCfg = Release|x64
		{23F9E526-2AD2-33B8-BA12-4962F7E689C3}.Release|x64.Build.0 = Release|x64
		{23F9E526-2AD2-33B8-BA12-4962F7E689C3}.MinSizeRel|x64.ActiveCfg = MinSizeRel|x64
		{23F9E526-2AD2-33B8-BA12-4962F7E689C3}.MinSizeRel|x64.Build.0 = MinSizeRel|x64
		{23F9E526-2AD2-33B8-BA12-4962F7E689C3}.RelWithDebInfo|x64.ActiveCfg = RelWithDebInfo|x64
		{23F9E526-2AD2-33B8-BA12-4962F7E689C3}.RelWithDebInfo|x64.Build.0 = RelWithDebInfo|x64
		{191E2330-A134-39DD-875F-80AC9F7239BB}.Debug|x64.ActiveCfg = Debug|x64
		{191E2330-A134-39DD-875F-80AC9F7239BB}.Debug|x64.Build.0 = Debug|x64
		{191E2330-A134-39DD-875F-80AC9F7239BB}.Release|x64.ActiveCfg = Release|x64
		{191E2330-A134-39DD-875F-80AC9F7239BB}.Release|x64.Build.0 = Release|x64
		{191E2330-A134-39DD-875F-80AC9F7239BB}.MinSizeRel|x64.ActiveCfg = MinSizeRel|x64
		{191E2330-A134-39DD-875F-80AC9F7239BB}.MinSizeRel|x64.Build.0 = MinSizeRel|x64
		{191E2330-A134-39DD-875F-80AC9F7239BB}.RelWithDebInfo|x64.ActiveCfg = RelWithDebInfo|x64
		{191E2330-A134-39DD-875F-80AC9F7239BB}.RelWithDebInfo|x64.Build.0 = RelWithDebInfo|x64
		{A176C269-73E8-3C68-880C-0EC7FF026DF4}.Debug|x64.ActiveCfg = Debug|x64
		{A176C269-73E8-3C68-880C-0EC7FF026DF4}.Debug|x64.Build.0 = Debug|x64
		{A176C269-73E8-3C68-880C-0EC7FF026DF4}.Release|x64.ActiveCfg = Release|x64
		{A176C269-73E8-3C68-880C-0EC7FF026DF4}.Release|x64.Build.0 = Release|x64
		{A176C269-73E8-3C68-880C-0EC7FF026DF4}.MinSizeRel|x64.ActiveCfg = MinSizeRel|x64
		{A176C269-73E8-3C68-880C-0EC7FF026DF4}.MinSizeRel|x64.Build.0 = MinSizeRel|x64
		{A176C269-73E8-3C68-880C-0EC7FF026DF4}.RelWithDebInfo|x64.ActiveCfg = RelWithDebInfo|x64
		{A176C269-73E8-3C68-880C-0EC7FF026DF4}.RelWithDebInfo|x64.Build.0 = RelWithDebInfo|x64
		{A45F9DD7-CFAA-363F-8AF1-39DCC55D04C3}.Debug|x64.ActiveCfg = Debug|x64
		{A45F9DD7-CFAA-363F-8AF1-39DCC55D04C3}.Release|x64.ActiveCfg = Release|x64
		{A45F9DD7-CFAA-363F-8AF1-39DCC55D04C3}.MinSizeRel|x64.ActiveCfg = MinSizeRel|x64
		{A45F9DD7-CFAA-363F-8AF1-39DCC55D04C3}.RelWithDebInfo|x64.ActiveCfg = RelWithDebInfo|x64
		{994DFD80-C46D-3859-9431-4D972A48CC76}.Debug|x64.ActiveCfg = Debug|x64
		{994DFD80-C46D-3859-9431-4D972A48CC76}.Debug|x64.Build.0 = Debug|x64
		{994DFD80-C46D-3859-9431-4D972A48CC76}.Release|x64.ActiveCfg = Release|x64
		{994DFD80-C46D-3859-9431-4D972A48CC76}.Release|x64.Build.0 = Release|x64
		{994DFD80-C46D-3859-9431-4D972A48CC76}.MinSizeRel|x64.ActiveCfg = MinSizeRel|x64
		{994DFD80-C46D-3859-9431-4D972A48CC76}.MinSizeRel|x64.Build.0 = MinSizeRel|x64
		{994DFD80-C46D-3859-9431-4D972A48CC76}.RelWithDebInfo|x64.ActiveCfg = RelWithDebInfo|x64
		{994DFD80-C46D-3859-9431-4D972A48CC76}.RelWithDebInfo|x64.Build.0 = RelWithDebInfo|x64
		{F7E71453-089D-3A57-A457-227E3C2C112F}.Debug|x64.ActiveCfg = Debug|x64
		{F7E71453-089D-3A57-A457-227E3C2C112F}.Debug|x64.Build.0 = Debug|x64
		{F7E71453-089D-3A57-A457-227E3C2C112F}.Release|x64.ActiveCfg = Release|x64
		{F7E71453-089D-3A57-A457-227E3C2C112F}.Release|x64.Build.0 = Release|x64
		{F7E71453-089D-3A57-A457-227E3C2C112F}.MinSizeRel|x64.ActiveCfg = MinSizeRel|x64
		{F7E71453-089D-3A57-A457-227E3C2C112F}.MinSizeRel|x64.Build.0 = MinSizeRel|x64
		{F7E71453-089D-3A57-A457-227E3C2C112F}.RelWithDebInfo|x64.ActiveCfg = RelWithDebInfo|x64
		{F7E71453-089D-3A57-A457-227E3C2C112F}.RelWithDebInfo|x64.Build.0 = RelWithDebInfo|x64
	EndGlobalSection
	GlobalSection(NestedProjects) = preSolution
		{FFD4FC1E-DADC-3CC8-8CF5-CB29720108FA} = {C3F4ED63-A240-380B-86BF-F11A546B7CB7}
		{6935054E-DF30-3455-84B8-3DE9E76C0511} = {C3F4ED63-A240-380B-86BF-F11A546B7CB7}
		{122BC485-B926-3E9F-BCD6-149B10F8B2D6} = {C3F4ED63-A240-380B-86BF-F11A546B7CB7}
		{7ADE74C4-4779-302B-89AD-BAA9B9AE4C9B} = {06770B4A-3153-3DA8-B484-048737EA17B9}
		{42312587-ADC0-3B3E-8BD6-B4B634051A15} = {06770B4A-3153-3DA8-B484-048737EA17B9}
		{2A059DF0-CCE2-3EB5-A3C0-63FB5DC50B92} = {06770B4A-3153-3DA8-B484-048737EA17B9}
		{A45F9DD7-CFAA-363F-8AF1-39DCC55D04C3} = {06770B4A-3153-3DA8-B484-048737EA17B9}
		{880D4E91-DA3E-32B3-9790-8BED433749B0} = {7ADE74C4-4779-302B-89AD-BAA9B9AE4C9B}
		{661140F7-BDB5-305C-AEAC-73FC6055428E} = {7ADE74C4-4779-302B-89AD-BAA9B9AE4C9B}
		{26CEEBAE-2D32-3A6A-878B-3DB024E13DE8} = {7ADE74C4-4779-302B-89AD-BAA9B9AE4C9B}
		{D330EA3F-4A05-33BE-B32E-6E47352A00DA} = {7ADE74C4-4779-302B-89AD-BAA9B9AE4C9B}
		{BF4E83B7-F650-3D5E-9A09-5EF29D31FBD0} = {7ADE74C4-4779-302B-89AD-BAA9B9AE4C9B}
		{8DC8938D-F2B2-3B68-8832-6DDD07D3B09D} = {7ADE74C4-4779-302B-89AD-BAA9B9AE4C9B}
		{5C984B00-FA09-32DF-A311-D1CB29307FAC} = {7ADE74C4-4779-302B-89AD-BAA9B9AE4C9B}
		{6A9D9B59-2A8A-3D4F-8D31-D8F41B6AA569} = {7ADE74C4-4779-302B-89AD-BAA9B9AE4C9B}
		{994DFD80-C46D-3859-9431-4D972A48CC76} = {7ADE74C4-4779-302B-89AD-BAA9B9AE4C9B}
		{3459EF45-2D2A-3100-9196-35F5B39CDF88} = {42312587-ADC0-3B3E-8BD6-B4B634051A15}
		{4CF597A5-1DA9-3A43-A15E-29C6BDA32C3B} = {42312587-ADC0-3B3E-8BD6-B4B634051A15}
		{8CEE316A-5B04-3D07-8127-E258006E4166} = {42312587-ADC0-3B3E-8BD6-B4B634051A15}
		{40280397-6A44-35EA-8F4A-0745916EA9B1} = {42312587-ADC0-3B3E-8BD6-B4B634051A15}
		{D4DCFF88-2F0D-3DC8-80B9-BD3711CC6112} = {42312587-ADC0-3B3E-8BD6-B4B634051A15}
		{D913008C-2C4C-3AF6-AE4F-8581E2BAE8C8} = {42312587-ADC0-3B3E-8BD6-B4B634051A15}
		{E1378871-F1CB-3305-930C-AEFDF6E4DA27} = {42312587-ADC0-3B3E-8BD6-B4B634051A15}
		{D03F5CDD-DF31-3BD2-939C-B0A7F413837F} = {42312587-ADC0-3B3E-8BD6-B4B634051A15}
		{E2B1DFDC-E25E-3952-96D6-0A638C9B679D} = {42312587-ADC0-3B3E-8BD6-B4B634051A15}
		{4EBA706A-43D0-3EA2-8EDD-D83FE26E7C8C} = {42312587-ADC0-3B3E-8BD6-B4B634051A15}
		{69701F13-E74D-3960-9DEC-D96BD439D9A6} = {42312587-ADC0-3B3E-8BD6-B4B634051A15}
		{4345B7A9-2849-3084-BBB2-CEC4000873FB} = {42312587-ADC0-3B3E-8BD6-B4B634051A15}
		{E8458ECF-ED23-35CA-BBE4-84130E155D9B} = {42312587-ADC0-3B3E-8BD6-B4B634051A15}
		{3A371D0B-2D79-3010-AF40-DBFB58F6A6CF} = {42312587-ADC0-3B3E-8BD6-B4B634051A15}
		{4EA8034B-DE4C-3362-B553-F472C5D1502B} = {42312587-ADC0-3B3E-8BD6-B4B634051A15}
		{BEB2397E-D779-3297-BB19-1341DF4C7A52} = {42312587-ADC0-3B3E-8BD6-B4B634051A15}
		{23F9E526-2AD2-33B8-BA12-4962F7E689C3} = {42312587-ADC0-3B3E-8BD6-B4B634051A15}
		{191E2330-A134-39DD-875F-80AC9F7239BB} = {42312587-ADC0-3B3E-8BD6-B4B634051A15}
		{A176C269-73E8-3C68-880C-0EC7FF026DF4} = {42312587-ADC0-3B3E-8BD6-B4B634051A15}
		{F7E71453-089D-3A57-A457-227E3C2C112F} = {42312587-ADC0-3B3E-8BD6-B4B634051A15}
	EndGlobalSection
	GlobalSection(ExtensibilityGlobals) = postSolution
		SolutionGuid = {25801313-F65E-32EA-9C72-69048553D32C}
	EndGlobalSection
	GlobalSection(ExtensibilityAddIns) = postSolution
	EndGlobalSection
EndGlobal
