<?xml version="1.0" encoding="utf-8"?>
<Project ToolsVersion="16.0" xmlns="http://schemas.microsoft.com/developer/msbuild/2003">
  <ItemGroup>
    <CustomBuild Include="C:\Users\OMISTAJA\Desktop\kouluprojektit\grafiikkaohjelmointi\grafrepo2\CMakeFiles\975852b6aa0cda8d38b0a9f90185e1f1\INSTALL_force.rule">
      <Filter>CMake Rules</Filter>
    </CustomBuild>
  </ItemGroup>
  <ItemGroup>
    <Filter Include="CMake Rules">
      <UniqueIdentifier>{D18EA2F3-F0A5-3E97-A535-84B28B6B9481}</UniqueIdentifier>
    </Filter>
  </ItemGroup>
</Project>
